{
  "name": "sysc-react-demos",
  "version": "1.0.0",
  "lockfileVersion": 3,
  "requires": true,
  "packages": {
    "": {
      "name": "sysc-react-demos",
      "version": "1.0.0",
      "dependencies": {
        "sysc-react": "file:.."
      }
    },
    "..": {
      "name": "sysc-react",
      "version": "1.0.0",
      "license": "MIT",
      "dependencies": {
        "ink": "^6.6.0",
        "react": "^19.2.3"
      },
      "devDependencies": {
        "@types/node": "^25.0.9",
        "@types/react": "^19.2.8",
        "tsx": "^4.21.0",
        "typescript": "^5.9.3"
      },
      "engines": {
        "bun": ">=1.0.0"
      }
    },
    "../..": {},
    "node_modules/sysc-react": {
      "resolved": "..",
      "link": true
    }
  }
}
